{
  "name": "spett",
  "version": "0.1.0",
  "lockfileVersion": 2,
  "requires": true,
  "packages": {
    "": {
      "version": "0.1.0",
      "license": "ISC",
      "devDependencies": {
        "bparse": "^0.1.9",
        "spekky": "^0.1.2"
      }
    },
    "node_modules/bparse": {
      "version": "0.1.9",
      "resolved": "https://registry.npmjs.org/bparse/-/bparse-0.1.9.tgz",
      "integrity": "sha512-b+LfTPsV+5TMlMxUh9rFbs2K/svo7U4DZFDh1azf7kuYuD1x+J/yU86fXMg8Eeiong0XXfE9Fb5F+49s2iF4Xw==",
      "dev": true,
      "dependencies": {
        "formidable": "git+https://github.com/eldoy/formidable.git"
      }
    },
    "node_modules/formidable": {
      "version": "1.2.2",
      "resolved": "git+ssh://git@github.com/eldoy/formidable.git#9dc9a00ff22c8b56aca8b4d829ea190bc6ca4d59",
      "dev": true,
      "license": "MIT"
    },
    "node_modules/spekky": {
      "version": "0.1.2",
      "resolved": "https://registry.npmjs.org/spekky/-/spekky-0.1.2.tgz",
      "integrity": "sha512-jEx7aGFriINqfC02w94suewdg4oqsRqZT4TKri8LJL0gDZOCEqGx1jEZzWmFM+ePTN6UJeBTuvTBKuHHaaJlQg==",
      "dev": true
    }
  },
  "dependencies": {
    "bparse": {
      "version": "0.1.9",
      "resolved": "https://registry.npmjs.org/bparse/-/bparse-0.1.9.tgz",
      "integrity": "sha512-b+LfTPsV+5TMlMxUh9rFbs2K/svo7U4DZFDh1azf7kuYuD1x+J/yU86fXMg8Eeiong0XXfE9Fb5F+49s2iF4Xw==",
      "dev": true,
      "requires": {
        "formidable": "git+https://github.com/eldoy/formidable.git"
      }
    },
    "formidable": {
      "version": "git+ssh://git@github.com/eldoy/formidable.git#9dc9a00ff22c8b56aca8b4d829ea190bc6ca4d59",
      "dev": true,
      "from": "formidable@git+https://github.com/eldoy/formidable.git"
    },
    "spekky": {
      "version": "0.1.2",
      "resolved": "https://registry.npmjs.org/spekky/-/spekky-0.1.2.tgz",
      "integrity": "sha512-jEx7aGFriINqfC02w94suewdg4oqsRqZT4TKri8LJL0gDZOCEqGx1jEZzWmFM+ePTN6UJeBTuvTBKuHHaaJlQg==",
      "dev": true
    }
  }
}
